
Microsoft Visual Studio Solution File, Format Version 12.00
# Visual Studio 15
Project("{FAE04EC0-301F-11D3-BF4B-00C04F79EFBC}") = "Assembly-CSharp", "Assembly-CSharp.csproj", "{78F0888D-1B58-37AC-D61C-58F0996B77BA}"
EndProject
Project("{FAE04EC0-301F-11D3-BF4B-00C04F79EFBC}") = "Assembly-CSharp-firstpass", "Assembly-CSharp-firstpass.csproj", "{03D1AC52-D70C-D509-5C19-EA8E34DD0B3F}"
EndProject
Global
	GlobalSection(SolutionConfigurationPlatforms) = preSolution
		Debug|Any CPU = Debug|Any CPU
		Release|Any CPU = Release|Any CPU
	EndGlobalSection
	GlobalSection(ProjectConfigurationPlatforms) = postSolution
		{78F0888D-1B58-37AC-D61C-58F0996B77BA}.Debug|Any CPU.ActiveCfg = Debug|Any CPU
		{78F0888D-1B58-37AC-D61C-58F0996B77BA}.Debug|Any CPU.Build.0 = Debug|Any CPU
		{78F0888D-1B58-37AC-D61C-58F0996B77BA}.Release|Any CPU.ActiveCfg = Release|Any CPU
		{78F0888D-1B58-37AC-D61C-58F0996B77BA}.Release|Any CPU.Build.0 = Release|Any CPU
		{03D1AC52-D70C-D509-5C19-EA8E34DD0B3F}.Debug|Any CPU.ActiveCfg = Debug|Any CPU
		{03D1AC52-D70C-D509-5C19-EA8E34DD0B3F}.Debug|Any CPU.Build.0 = Debug|Any CPU
		{03D1AC52-D70C-D509-5C19-EA8E34DD0B3F}.Release|Any CPU.ActiveCfg = Release|Any CPU
		{03D1AC52-D70C-D509-5C19-EA8E34DD0B3F}.Release|Any CPU.Build.0 = Release|Any CPU
	EndGlobalSection
	GlobalSection(SolutionProperties) = preSolution
		HideSolutionNode = FALSE
	EndGlobalSection
EndGlobal
